
Microsoft Visual Studio Solution File, Format Version 12.00
Project("{FAE04EC0-301F-11D3-BF4B-00C04F79EFBC}") = "WpfDI", "WpfDI\WpfDI.csproj", "{ED5A07C2-D714-496E-AA6C-C4E5657A1766}"
EndProject
Global
	GlobalSection(SolutionConfigurationPlatforms) = preSolution
		Debug|Any CPU = Debug|Any CPU
		Release|Any CPU = Release|Any CPU
	EndGlobalSection
	GlobalSection(ProjectConfigurationPlatforms) = postSolution
		{ED5A07C2-D714-496E-AA6C-C4E5657A1766}.Debug|Any CPU.ActiveCfg = Debug|Any CPU
		{ED5A07C2-D714-496E-AA6C-C4E5657A1766}.Debug|Any CPU.Build.0 = Debug|Any CPU
		{ED5A07C2-D714-496E-AA6C-C4E5657A1766}.Release|Any CPU.ActiveCfg = Release|Any CPU
		{ED5A07C2-D714-496E-AA6C-C4E5657A1766}.Release|Any CPU.Build.0 = Release|Any CPU
	EndGlobalSection
EndGlobal
